// !$*UTF8*$!
{
	archiveVersion = 1;
	classes = {
	};
	objectVersion = 50;
	objects = {

/* Begin PBXBuildFile section */
		7961AA27244C784B001B5948 /* AppDelegate.m in Sources */ = {isa = PBXBuildFile; fileRef = 7961AA26244C784B001B5948 /* AppDelegate.m */; };
		7961AA2A244C784B001B5948 /* ViewController.m in Sources */ = {isa = PBXBuildFile; fileRef = 7961AA29244C784B001B5948 /* ViewController.m */; };
		7961AA2D244C784B001B5948 /* Main.storyboard in Resources */ = {isa = PBXBuildFile; fileRef = 7961AA2B244C784B001B5948 /* Main.storyboard */; };
		7961AA2F244C784E001B5948 /* Assets.xcassets in Resources */ = {isa = PBXBuildFile; fileRef = 7961AA2E244C784E001B5948 /* Assets.xcassets */; };
		7961AA32244C784E001B5948 /* LaunchScreen.storyboard in Resources */ = {isa = PBXBuildFile; fileRef = 7961AA30244C784E001B5948 /* LaunchScreen.storyboard */; };
		7961AA35244C784E001B5948 /* main.m in Sources */ = {isa = PBXBuildFile; fileRef = 7961AA34244C784E001B5948 /* main.m */; };
		7961AA49244C7860001B5948 /* BMMainThreadHandler.mm in Sources */ = {isa = PBXBuildFile; fileRef = 7961AA3D244C785F001B5948 /* BMMainThreadHandler.mm */; };
		7961AA4A244C7860001B5948 /* BMGetMainThreadUtil.mm in Sources */ = {isa = PBXBuildFile; fileRef = 7961AA3F244C785F001B5948 /* BMGetMainThreadUtil.mm */; };
		7961AA4B244C7860001B5948 /* BMSymbolicator.c in Sources */ = {isa = PBXBuildFile; fileRef = 7961AA40244C785F001B5948 /* BMSymbolicator.c */; };
		7961AA4C244C7860001B5948 /* BMFilterStackHandler.mm in Sources */ = {isa = PBXBuildFile; fileRef = 7961AA43244C7860001B5948 /* BMFilterStackHandler.mm */; };
		7961AA4D244C7860001B5948 /* BMDynamicLinker.c in Sources */ = {isa = PBXBuildFile; fileRef = 7961AA45244C7860001B5948 /* BMDynamicLinker.c */; };
		7961AA4E244C7860001B5948 /* BMBlockHunter.mm in Sources */ = {isa = PBXBuildFile; fileRef = 7961AA47244C7860001B5948 /* BMBlockHunter.mm */; };
		7961AA4F244C7860001B5948 /* BMStackCursor.c in Sources */ = {isa = PBXBuildFile; fileRef = 7961AA48244C7860001B5948 /* BMStackCursor.c */; };
/* End PBXBuildFile section */

/* Begin PBXFileReference section */
		7961AA22244C784B001B5948 /* BlockMonitor.app */ = {isa = PBXFileReference; explicitFileType = wrapper.application; includeInIndex = 0; path = BlockMonitor.app; sourceTree = BUILT_PRODUCTS_DIR; };
		7961AA25244C784B001B5948 /* AppDelegate.h */ = {isa = PBXFileReference; lastKnownFileType = sourcecode.c.h; path = AppDelegate.h; sourceTree = "<group>"; };
		7961AA26244C784B001B5948 /* AppDelegate.m */ = {isa = PBXFileReference; lastKnownFileType = sourcecode.c.objc; path = AppDelegate.m; sourceTree = "<group>"; };
		7961AA28244C784B001B5948 /* ViewController.h */ = {isa = PBXFileReference; lastKnownFileType = sourcecode.c.h; path = ViewController.h; sourceTree = "<group>"; };
		7961AA29244C784B001B5948 /* ViewController.m */ = {isa = PBXFileReference; lastKnownFileType = sourcecode.c.objc; path = ViewController.m; sourceTree = "<group>"; };
		7961AA2C244C784B001B5948 /* Base */ = {isa = PBXFileReference; lastKnownFileType = file.storyboard; name = Base; path = Base.lproj/Main.storyboard; sourceTree = "<group>"; };
		7961AA2E244C784E001B5948 /* Assets.xcassets */ = {isa = PBXFileReference; lastKnownFileType = folder.assetcatalog; path = Assets.xcassets; sourceTree = "<group>"; };
		7961AA31244C784E001B5948 /* Base */ = {isa = PBXFileReference; lastKnownFileType = file.storyboard; name = Base; path = Base.lproj/LaunchScreen.storyboard; sourceTree = "<group>"; };
		7961AA33244C784E001B5948 /* Info.plist */ = {isa = PBXFileReference; lastKnownFileType = text.plist.xml; path = Info.plist; sourceTree = "<group>"; };
		7961AA34244C784E001B5948 /* main.m */ = {isa = PBXFileReference; lastKnownFileType = sourcecode.c.objc; path = main.m; sourceTree = "<group>"; };
		7961AA3B244C785F001B5948 /* BMDynamicLinker.h */ = {isa = PBXFileReference; fileEncoding = 4; lastKnownFileType = sourcecode.c.h; path = BMDynamicLinker.h; sourceTree = "<group>"; };
		7961AA3C244C785F001B5948 /* BMBlockHunter.h */ = {isa = PBXFileReference; fileEncoding = 4; lastKnownFileType = sourcecode.c.h; path = BMBlockHunter.h; sourceTree = "<group>"; };
		7961AA3D244C785F001B5948 /* BMMainThreadHandler.mm */ = {isa = PBXFileReference; fileEncoding = 4; lastKnownFileType = sourcecode.cpp.objcpp; path = BMMainThreadHandler.mm; sourceTree = "<group>"; };
		7961AA3E244C785F001B5948 /* BMMainThreadHandler.h */ = {isa = PBXFileReference; fileEncoding = 4; lastKnownFileType = sourcecode.c.h; path = BMMainThreadHandler.h; sourceTree = "<group>"; };
		7961AA3F244C785F001B5948 /* BMGetMainThreadUtil.mm */ = {isa = PBXFileReference; fileEncoding = 4; lastKnownFileType = sourcecode.cpp.objcpp; path = BMGetMainThreadUtil.mm; sourceTree = "<group>"; };
		7961AA40244C785F001B5948 /* BMSymbolicator.c */ = {isa = PBXFileReference; fileEncoding = 4; lastKnownFileType = sourcecode.c.c; path = BMSymbolicator.c; sourceTree = "<group>"; };
		7961AA41244C785F001B5948 /* BMStackCursor.h */ = {isa = PBXFileReference; fileEncoding = 4; lastKnownFileType = sourcecode.c.h; path = BMStackCursor.h; sourceTree = "<group>"; };
		7961AA42244C785F001B5948 /* BMSymbolicator.h */ = {isa = PBXFileReference; fileEncoding = 4; lastKnownFileType = sourcecode.c.h; path = BMSymbolicator.h; sourceTree = "<group>"; };
		7961AA43244C7860001B5948 /* BMFilterStackHandler.mm */ = {isa = PBXFileReference; fileEncoding = 4; lastKnownFileType = sourcecode.cpp.objcpp; path = BMFilterStackHandler.mm; sourceTree = "<group>"; };
		7961AA44244C7860001B5948 /* BMGetMainThreadUtil.h */ = {isa = PBXFileReference; fileEncoding = 4; lastKnownFileType = sourcecode.c.h; path = BMGetMainThreadUtil.h; sourceTree = "<group>"; };
		7961AA45244C7860001B5948 /* BMDynamicLinker.c */ = {isa = PBXFileReference; fileEncoding = 4; lastKnownFileType = sourcecode.c.c; path = BMDynamicLinker.c; sourceTree = "<group>"; };
		7961AA46244C7860001B5948 /* BMFilterStackHandler.h */ = {isa = PBXFileReference; fileEncoding = 4; lastKnownFileType = sourcecode.c.h; path = BMFilterStackHandler.h; sourceTree = "<group>"; };
		7961AA47244C7860001B5948 /* BMBlockHunter.mm */ = {isa = PBXFileReference; fileEncoding = 4; lastKnownFileType = sourcecode.cpp.objcpp; path = BMBlockHunter.mm; sourceTree = "<group>"; };
		7961AA48244C7860001B5948 /* BMStackCursor.c */ = {isa = PBXFileReference; fileEncoding = 4; lastKnownFileType = sourcecode.c.c; path = BMStackCursor.c; sourceTree = "<group>"; };
/* End PBXFileReference section */

/* Begin PBXFrameworksBuildPhase section */
		7961AA1F244C784B001B5948 /* Frameworks */ = {
			isa = PBXFrameworksBuildPhase;
			buildActionMask = 2147483647;
			files = (
			);
			runOnlyForDeploymentPostprocessing = 0;
		};
/* End PBXFrameworksBuildPhase section */

/* Begin PBXGroup section */
		7961AA19244C784B001B5948 = {
			isa = PBXGroup;
			children = (
				7961AA24244C784B001B5948 /* BlockMonitor */,
				7961AA23244C784B001B5948 /* Products */,
			);
			sourceTree = "<group>";
		};
		7961AA23244C784B001B5948 /* Products */ = {
			isa = PBXGroup;
			children = (
				7961AA22244C784B001B5948 /* BlockMonitor.app */,
			);
			name = Products;
			sourceTree = "<group>";
		};
		7961AA24244C784B001B5948 /* BlockMonitor */ = {
			isa = PBXGroup;
			children = (
				7961AA3C244C785F001B5948 /* BMBlockHunter.h */,
				7961AA47244C7860001B5948 /* BMBlockHunter.mm */,
				7961AA45244C7860001B5948 /* BMDynamicLinker.c */,
				7961AA3B244C785F001B5948 /* BMDynamicLinker.h */,
				7961AA46244C7860001B5948 /* BMFilterStackHandler.h */,
				7961AA43244C7860001B5948 /* BMFilterStackHandler.mm */,
				7961AA44244C7860001B5948 /* BMGetMainThreadUtil.h */,
				7961AA3F244C785F001B5948 /* BMGetMainThreadUtil.mm */,
				7961AA3E244C785F001B5948 /* BMMainThreadHandler.h */,
				7961AA3D244C785F001B5948 /* BMMainThreadHandler.mm */,
				7961AA48244C7860001B5948 /* BMStackCursor.c */,
				7961AA41244C785F001B5948 /* BMStackCursor.h */,
				7961AA40244C785F001B5948 /* BMSymbolicator.c */,
				7961AA42244C785F001B5948 /* BMSymbolicator.h */,
				7961AA25244C784B001B5948 /* AppDelegate.h */,
				7961AA26244C784B001B5948 /* AppDelegate.m */,
				7961AA28244C784B001B5948 /* ViewController.h */,
				7961AA29244C784B001B5948 /* ViewController.m */,
				7961AA2B244C784B001B5948 /* Main.storyboard */,
				7961AA2E244C784E001B5948 /* Assets.xcassets */,
				7961AA30244C784E001B5948 /* LaunchScreen.storyboard */,
				7961AA33244C784E001B5948 /* Info.plist */,
				7961AA34244C784E001B5948 /* main.m */,
			);
			path = BlockMonitor;
			sourceTree = "<group>";
		};
/* End PBXGroup section */

/* Begin PBXNativeTarget section */
		7961AA21244C784B001B5948 /* BlockMonitor */ = {
			isa = PBXNativeTarget;
			buildConfigurationList = 7961AA38244C784E001B5948 /* Build configuration list for PBXNativeTarget "BlockMonitor" */;
			buildPhases = (
				7961AA1E244C784B001B5948 /* Sources */,
				7961AA1F244C784B001B5948 /* Frameworks */,
				7961AA20244C784B001B5948 /* Resources */,
			);
			buildRules = (
			);
			dependencies = (
			);
			name = BlockMonitor;
			productName = BlockMonitor;
			productReference = 7961AA22244C784B001B5948 /* BlockMonitor.app */;
			productType = "com.apple.product-type.application";
		};
/* End PBXNativeTarget section */

/* Begin PBXProject section */
		7961AA1A244C784B001B5948 /* Project object */ = {
			isa = PBXProject;
			attributes = {
				LastUpgradeCheck = 1030;
				ORGANIZATIONNAME = kyson;
				TargetAttributes = {
					7961AA21244C784B001B5948 = {
						CreatedOnToolsVersion = 10.3;
					};
				};
			};
			buildConfigurationList = 7961AA1D244C784B001B5948 /* Build configuration list for PBXProject "BlockMonitor" */;
			compatibilityVersion = "Xcode 9.3";
			developmentRegion = en;
			hasScannedForEncodings = 0;
			knownRegions = (
				en,
				Base,
			);
			mainGroup = 7961AA19244C784B001B5948;
			productRefGroup = 7961AA23244C784B001B5948 /* Products */;
			projectDirPath = "";
			projectRoot = "";
			targets = (
				7961AA21244C784B001B5948 /* BlockMonitor */,
			);
		};
/* End PBXProject section */

/* Begin PBXResourcesBuildPhase section */
		7961AA20244C784B001B5948 /* Resources */ = {
			isa = PBXResourcesBuildPhase;
			buildActionMask = 2147483647;
			files = (
				7961AA32244C784E001B5948 /* LaunchScreen.storyboard in Resources */,
				7961AA2F244C784E001B5948 /* Assets.xcassets in Resources */,
				7961AA2D244C784B001B5948 /* Main.storyboard in Resources */,
			);
			runOnlyForDeploymentPostprocessing = 0;
		};
/* End PBXResourcesBuildPhase section */

/* Begin PBXSourcesBuildPhase section */
		7961AA1E244C784B001B5948 /* Sources */ = {
			isa = PBXSourcesBuildPhase;
			buildActionMask = 2147483647;
			files = (
				7961AA4B244C7860001B5948 /* BMSymbolicator.c in Sources */,
				7961AA2A244C784B001B5948 /* ViewController.m in Sources */,
				7961AA35244C784E001B5948 /* main.m in Sources */,
				7961AA49244C7860001B5948 /* BMMainThreadHandler.mm in Sources */,
				7961AA4C244C7860001B5948 /* BMFilterStackHandler.mm in Sources */,
				7961AA4E244C7860001B5948 /* BMBlockHunter.mm in Sources */,
				7961AA4D244C7860001B5948 /* BMDynamicLinker.c in Sources */,
				7961AA4A244C7860001B5948 /* BMGetMainThreadUtil.mm in Sources */,
				7961AA27244C784B001B5948 /* AppDelegate.m in Sources */,
				7961AA4F244C7860001B5948 /* BMStackCursor.c in Sources */,
			);
			runOnlyForDeploymentPostprocessing = 0;
		};
/* End PBXSourcesBuildPhase section */

/* Begin PBXVariantGroup section */
		7961AA2B244C784B001B5948 /* Main.storyboard */ = {
			isa = PBXVariantGroup;
			children = (
				7961AA2C244C784B001B5948 /* Base */,
			);
			name = Main.storyboard;
			sourceTree = "<group>";
		};
		7961AA30244C784E001B5948 /* LaunchScreen.storyboard */ = {
			isa = PBXVariantGroup;
			children = (
				7961AA31244C784E001B5948 /* Base */,
			);
			name = LaunchScreen.storyboard;
			sourceTree = "<group>";
		};
/* End PBXVariantGroup section */

/* Begin XCBuildConfiguration section */
		7961AA36244C784E001B5948 /* Debug */ = {
			isa = XCBuildConfiguration;
			buildSettings = {
				ALWAYS_SEARCH_USER_PATHS = NO;
				CLANG_ANALYZER_NONNULL = YES;
				CLANG_ANALYZER_NUMBER_OBJECT_CONVERSION = YES_AGGRESSIVE;
				CLANG_CXX_LANGUAGE_STANDARD = "gnu++14";
				CLANG_CXX_LIBRARY = "libc++";
				CLANG_ENABLE_MODULES = YES;
				CLANG_ENABLE_OBJC_ARC = YES;
				CLANG_ENABLE_OBJC_WEAK = YES;
				CLANG_WARN_BLOCK_CAPTURE_AUTORELEASING = YES;
				CLANG_WARN_BOOL_CONVERSION = YES;
				CLANG_WARN_COMMA = YES;
				CLANG_WARN_CONSTANT_CONVERSION = YES;
				CLANG_WARN_DEPRECATED_OBJC_IMPLEMENTATIONS = YES;
				CLANG_WARN_DIRECT_OBJC_ISA_USAGE = YES_ERROR;
				CLANG_WARN_DOCUMENTATION_COMMENTS = YES;
				CLANG_WARN_EMPTY_BODY = YES;
				CLANG_WARN_ENUM_CONVERSION = YES;
				CLANG_WARN_INFINITE_RECURSION = YES;
				CLANG_WARN_INT_CONVERSION = YES;
				CLANG_WARN_NON_LITERAL_NULL_CONVERSION = YES;
				CLANG_WARN_OBJC_IMPLICIT_RETAIN_SELF = YES;
				CLANG_WARN_OBJC_LITERAL_CONVERSION = YES;
				CLANG_WARN_OBJC_ROOT_CLASS = YES_ERROR;
				CLANG_WARN_RANGE_LOOP_ANALYSIS = YES;
				CLANG_WARN_STRICT_PROTOTYPES = YES;
				CLANG_WARN_SUSPICIOUS_MOVE = YES;
				CLANG_WARN_UNGUARDED_AVAILABILITY = YES_AGGRESSIVE;
				CLANG_WARN_UNREACHABLE_CODE = YES;
				CLANG_WARN__DUPLICATE_METHOD_MATCH = YES;
				CODE_SIGN_IDENTITY = "iPhone Developer";
				COPY_PHASE_STRIP = NO;
				DEBUG_INFORMATION_FORMAT = dwarf;
				ENABLE_STRICT_OBJC_MSGSEND = YES;
				ENABLE_TESTABILITY = YES;
				GCC_C_LANGUAGE_STANDARD = gnu11;
				GCC_DYNAMIC_NO_PIC = NO;
				GCC_NO_COMMON_BLOCKS = YES;
				GCC_OPTIMIZATION_LEVEL = 0;
				GCC_PREPROCESSOR_DEFINITIONS = (
					"DEBUG=1",
					"$(inherited)",
				);
				GCC_WARN_64_TO_32_BIT_CONVERSION = YES;
				GCC_WARN_ABOUT_RETURN_TYPE = YES_ERROR;
				GCC_WARN_UNDECLARED_SELECTOR = YES;
				GCC_WARN_UNINITIALIZED_AUTOS = YES_AGGRESSIVE;
				GCC_WARN_UNUSED_FUNCTION = YES;
				GCC_WARN_UNUSED_VARIABLE = YES;
				IPHONEOS_DEPLOYMENT_TARGET = 12.4;
				MTL_ENABLE_DEBUG_INFO = INCLUDE_SOURCE;
				MTL_FAST_MATH = YES;
				ONLY_ACTIVE_ARCH = YES;
				SDKROOT = iphoneos;
			};
			name = Debug;
		};
		7961AA37244C784E001B5948 /* Release */ = {
			isa = XCBuildConfiguration;
			buildSettings = {
				ALWAYS_SEARCH_USER_PATHS = NO;
				CLANG_ANALYZER_NONNULL = YES;
				CLANG_ANALYZER_NUMBER_OBJECT_CONVERSION = YES_AGGRESSIVE;
				CLANG_CXX_LANGUAGE_STANDARD = "gnu++14";
				CLANG_CXX_LIBRARY = "libc++";
				CLANG_ENABLE_MODULES = YES;
				CLANG_ENABLE_OBJC_ARC = YES;
				CLANG_ENABLE_OBJC_WEAK = YES;
				CLANG_WARN_BLOCK_CAPTURE_AUTORELEASING = YES;
				CLANG_WARN_BOOL_CONVERSION = YES;
				CLANG_WARN_COMMA = YES;
				CLANG_WARN_CONSTANT_CONVERSION = YES;
				CLANG_WARN_DEPRECATED_OBJC_IMPLEMENTATIONS = YES;
				CLANG_WARN_DIRECT_OBJC_ISA_USAGE = YES_ERROR;
				CLANG_WARN_DOCUMENTATION_COMMENTS = YES;
				CLANG_WARN_EMPTY_BODY = YES;
				CLANG_WARN_ENUM_CONVERSION = YES;
				CLANG_WARN_INFINITE_RECURSION = YES;
				CLANG_WARN_INT_CONVERSION = YES;
				CLANG_WARN_NON_LITERAL_NULL_CONVERSION = YES;
				CLANG_WARN_OBJC_IMPLICIT_RETAIN_SELF = YES;
				CLANG_WARN_OBJC_LITERAL_CONVERSION = YES;
				CLANG_WARN_OBJC_ROOT_CLASS = YES_ERROR;
				CLANG_WARN_RANGE_LOOP_ANALYSIS = YES;
				CLANG_WARN_STRICT_PROTOTYPES = YES;
				CLANG_WARN_SUSPICIOUS_MOVE = YES;
				CLANG_WARN_UNGUARDED_AVAILABILITY = YES_AGGRESSIVE;
				CLANG_WARN_UNREACHABLE_CODE = YES;
				CLANG_WARN__DUPLICATE_METHOD_MATCH = YES;
				CODE_SIGN_IDENTITY = "iPhone Developer";
				COPY_PHASE_STRIP = NO;
				DEBUG_INFORMATION_FORMAT = "dwarf-with-dsym";
				ENABLE_NS_ASSERTIONS = NO;
				ENABLE_STRICT_OBJC_MSGSEND = YES;
				GCC_C_LANGUAGE_STANDARD = gnu11;
				GCC_NO_COMMON_BLOCKS = YES;
				GCC_WARN_64_TO_32_BIT_CONVERSION = YES;
				GCC_WARN_ABOUT_RETURN_TYPE = YES_ERROR;
				GCC_WARN_UNDECLARED_SELECTOR = YES;
				GCC_WARN_UNINITIALIZED_AUTOS = YES_AGGRESSIVE;
				GCC_WARN_UNUSED_FUNCTION = YES;
				GCC_WARN_UNUSED_VARIABLE = YES;
				IPHONEOS_DEPLOYMENT_TARGET = 12.4;
				MTL_ENABLE_DEBUG_INFO = NO;
				MTL_FAST_MATH = YES;
				SDKROOT = iphoneos;
				VALIDATE_PRODUCT = YES;
			};
			name = Release;
		};
		7961AA39244C784E001B5948 /* Debug */ = {
			isa = XCBuildConfiguration;
			buildSettings = {
				ASSETCATALOG_COMPILER_APPICON_NAME = AppIcon;
				CODE_SIGN_STYLE = Automatic;
				DEVELOPMENT_TEAM = T7Z76WDTD6;
				INFOPLIST_FILE = BlockMonitor/Info.plist;
				LD_RUNPATH_SEARCH_PATHS = (
					"$(inherited)",
					"@executable_path/Frameworks",
				);
				PRODUCT_BUNDLE_IDENTIFIER = cn.kyson.ggbond.BlockMonitor;
				PRODUCT_NAME = "$(TARGET_NAME)";
				TARGETED_DEVICE_FAMILY = "1,2";
			};
			name = Debug;
		};
		7961AA3A244C784E001B5948 /* Release */ = {
			isa = XCBuildConfiguration;
			buildSettings = {
				ASSETCATALOG_COMPILER_APPICON_NAME = AppIcon;
				CODE_SIGN_STYLE = Automatic;
				DEVELOPMENT_TEAM = T7Z76WDTD6;
				INFOPLIST_FILE = BlockMonitor/Info.plist;
				LD_RUNPATH_SEARCH_PATHS = (
					"$(inherited)",
					"@executable_path/Frameworks",
				);
				PRODUCT_BUNDLE_IDENTIFIER = cn.kyson.ggbond.BlockMonitor;
				PRODUCT_NAME = "$(TARGET_NAME)";
				TARGETED_DEVICE_FAMILY = "1,2";
			};
			name = Release;
		};
/* End XCBuildConfiguration section */

/* Begin XCConfigurationList section */
		7961AA1D244C784B001B5948 /* Build configuration list for PBXProject "BlockMonitor" */ = {
			isa = XCConfigurationList;
			buildConfigurations = (
				7961AA36244C784E001B5948 /* Debug */,
				7961AA37244C784E001B5948 /* Release */,
			);
			defaultConfigurationIsVisible = 0;
			defaultConfigurationName = Release;
		};
		7961AA38244C784E001B5948 /* Build configuration list for PBXNativeTarget "BlockMonitor" */ = {
			isa = XCConfigurationList;
			buildConfigurations = (
				7961AA39244C784E001B5948 /* Debug */,
				7961AA3A244C784E001B5948 /* Release */,
			);
			defaultConfigurationIsVisible = 0;
			defaultConfigurationName = Release;
		};
/* End XCConfigurationList section */
	};
	rootObject = 7961AA1A244C784B001B5948 /* Project object */;
}
